
Microsoft Visual Studio Solution File, Format Version 12.00
# Visual Studio Version 16
VisualStudioVersion = 16.0.28803.202
MinimumVisualStudioVersion = 10.0.40219.1
Project("{FAE04EC0-301F-11D3-BF4B-00C04F79EFBC}") = "02. Tron Racers (Multidimensional Arrays)", "02. Tron Racers (Multidimensional Arrays)\02. Tron Racers (Multidimensional Arrays).csproj", "{EB490959-FDD6-4552-A55F-CEB7070381F2}"
EndProject
Global
	GlobalSection(SolutionConfigurationPlatforms) = preSolution
		Debug|Any CPU = Debug|Any CPU
		Release|Any CPU = Release|Any CPU
	EndGlobalSection
	GlobalSection(ProjectConfigurationPlatforms) = postSolution
		{EB490959-FDD6-4552-A55F-CEB7070381F2}.Debug|Any CPU.ActiveCfg = Debug|Any CPU
		{EB490959-FDD6-4552-A55F-CEB7070381F2}.Debug|Any CPU.Build.0 = Debug|Any CPU
		{EB490959-FDD6-4552-A55F-CEB7070381F2}.Release|Any CPU.ActiveCfg = Release|Any CPU
		{EB490959-FDD6-4552-A55F-CEB7070381F2}.Release|Any CPU.Build.0 = Release|Any CPU
	EndGlobalSection
	GlobalSection(SolutionProperties) = preSolution
		HideSolutionNode = FALSE
	EndGlobalSection
	GlobalSection(ExtensibilityGlobals) = postSolution
		SolutionGuid = {AEEB9936-EEF7-4AE4-B094-3D929E257DB6}
	EndGlobalSection
EndGlobal
