
Microsoft Visual Studio Solution File, Format Version 12.00
# Visual Studio Version 16
VisualStudioVersion = 16.0.28803.202
MinimumVisualStudioVersion = 10.0.40219.1
Project("{FAE04EC0-301F-11D3-BF4B-00C04F79EFBC}") = "02. Excel Functions", "02. Excel Functions\02. Excel Functions.csproj", "{9711F7AA-58E1-4A35-8704-A6F8D114C1BC}"
EndProject
Global
	GlobalSection(SolutionConfigurationPlatforms) = preSolution
		Debug|Any CPU = Debug|Any CPU
		Release|Any CPU = Release|Any CPU
	EndGlobalSection
	GlobalSection(ProjectConfigurationPlatforms) = postSolution
		{9711F7AA-58E1-4A35-8704-A6F8D114C1BC}.Debug|Any CPU.ActiveCfg = Debug|Any CPU
		{9711F7AA-58E1-4A35-8704-A6F8D114C1BC}.Debug|Any CPU.Build.0 = Debug|Any CPU
		{9711F7AA-58E1-4A35-8704-A6F8D114C1BC}.Release|Any CPU.ActiveCfg = Release|Any CPU
		{9711F7AA-58E1-4A35-8704-A6F8D114C1BC}.Release|Any CPU.Build.0 = Release|Any CPU
	EndGlobalSection
	GlobalSection(SolutionProperties) = preSolution
		HideSolutionNode = FALSE
	EndGlobalSection
	GlobalSection(ExtensibilityGlobals) = postSolution
		SolutionGuid = {D562D2B0-1034-4042-91C1-8996D2FAEEB2}
	EndGlobalSection
EndGlobal
